// !$*UTF8*$!
{
	archiveVersion = 1;
	classes = {
	};
	objectVersion = 46;
	objects = {

/* Begin PBXBuildFile section */
		1D51482C19F6E43D00E3DEE0 /* main.m in Sources */ = {isa = PBXBuildFile; fileRef = 1D51482B19F6E43D00E3DEE0 /* main.m */; };
		1D51482F19F6E43D00E3DEE0 /* AppDelegate.m in Sources */ = {isa = PBXBuildFile; fileRef = 1D51482E19F6E43D00E3DEE0 /* AppDelegate.m */; };
		1D51483219F6E43D00E3DEE0 /* ViewController.m in Sources */ = {isa = PBXBuildFile; fileRef = 1D51483119F6E43D00E3DEE0 /* ViewController.m */; };
		1D51483519F6E43D00E3DEE0 /* Main.storyboard in Resources */ = {isa = PBXBuildFile; fileRef = 1D51483319F6E43D00E3DEE0 /* Main.storyboard */; };
		1D51483719F6E43D00E3DEE0 /* Images.xcassets in Resources */ = {isa = PBXBuildFile; fileRef = 1D51483619F6E43D00E3DEE0 /* Images.xcassets */; };
		1D51483A19F6E43D00E3DEE0 /* LaunchScreen.xib in Resources */ = {isa = PBXBuildFile; fileRef = 1D51483819F6E43D00E3DEE0 /* LaunchScreen.xib */; };
		1D51484619F6E43D00E3DEE0 /* Fun_Bags_2Tests.m in Sources */ = {isa = PBXBuildFile; fileRef = 1D51484519F6E43D00E3DEE0 /* Fun_Bags_2Tests.m */; };
		1DD2A11119F81A2400EE4878 /* secondViewController.m in Sources */ = {isa = PBXBuildFile; fileRef = 1DD2A11019F81A2400EE4878 /* secondViewController.m */; };
		1DD2A11419F81A9200EE4878 /* WebViewController.m in Sources */ = {isa = PBXBuildFile; fileRef = 1DD2A11319F81A9200EE4878 /* WebViewController.m */; };
		1DD2A12C1A07B41000EE4878 /* DrawViewController.m in Sources */ = {isa = PBXBuildFile; fileRef = 1DD2A12B1A07B41000EE4878 /* DrawViewController.m */; };
		1DD2A1311A07B64500EE4878 /* ACEDrawingTools.m in Sources */ = {isa = PBXBuildFile; fileRef = 1DD2A12E1A07B64500EE4878 /* ACEDrawingTools.m */; };
		1DD2A1321A07B64500EE4878 /* ACEDrawingView.m in Sources */ = {isa = PBXBuildFile; fileRef = 1DD2A1301A07B64500EE4878 /* ACEDrawingView.m */; };
/* End PBXBuildFile section */

/* Begin PBXContainerItemProxy section */
		1D51484019F6E43D00E3DEE0 /* PBXContainerItemProxy */ = {
			isa = PBXContainerItemProxy;
			containerPortal = 1D51481E19F6E43D00E3DEE0 /* Project object */;
			proxyType = 1;
			remoteGlobalIDString = 1D51482519F6E43D00E3DEE0;
			remoteInfo = "Fun Bags 2";
		};
/* End PBXContainerItemProxy section */

/* Begin PBXFileReference section */
		1D51482619F6E43D00E3DEE0 /* Fun Bags 2.app */ = {isa = PBXFileReference; explicitFileType = wrapper.application; includeInIndex = 0; path = "Fun Bags 2.app"; sourceTree = BUILT_PRODUCTS_DIR; };
		1D51482A19F6E43D00E3DEE0 /* Info.plist */ = {isa = PBXFileReference; lastKnownFileType = text.plist.xml; path = Info.plist; sourceTree = "<group>"; };
		1D51482B19F6E43D00E3DEE0 /* main.m */ = {isa = PBXFileReference; lastKnownFileType = sourcecode.c.objc; path = main.m; sourceTree = "<group>"; };
		1D51482D19F6E43D00E3DEE0 /* AppDelegate.h */ = {isa = PBXFileReference; lastKnownFileType = sourcecode.c.h; path = AppDelegate.h; sourceTree = "<group>"; };
		1D51482E19F6E43D00E3DEE0 /* AppDelegate.m */ = {isa = PBXFileReference; lastKnownFileType = sourcecode.c.objc; path = AppDelegate.m; sourceTree = "<group>"; };
		1D51483019F6E43D00E3DEE0 /* ViewController.h */ = {isa = PBXFileReference; lastKnownFileType = sourcecode.c.h; path = ViewController.h; sourceTree = "<group>"; };
		1D51483119F6E43D00E3DEE0 /* ViewController.m */ = {isa = PBXFileReference; lastKnownFileType = sourcecode.c.objc; path = ViewController.m; sourceTree = "<group>"; };
		1D51483419F6E43D00E3DEE0 /* Base */ = {isa = PBXFileReference; lastKnownFileType = file.storyboard; name = Base; path = Base.lproj/Main.storyboard; sourceTree = "<group>"; };
		1D51483619F6E43D00E3DEE0 /* Images.xcassets */ = {isa = PBXFileReference; lastKnownFileType = folder.assetcatalog; path = Images.xcassets; sourceTree = "<group>"; };
		1D51483919F6E43D00E3DEE0 /* Base */ = {isa = PBXFileReference; lastKnownFileType = file.xib; name = Base; path = Base.lproj/LaunchScreen.xib; sourceTree = "<group>"; };
		1D51483F19F6E43D00E3DEE0 /* Fun Bags 2Tests.xctest */ = {isa = PBXFileReference; explicitFileType = wrapper.cfbundle; includeInIndex = 0; path = "Fun Bags 2Tests.xctest"; sourceTree = BUILT_PRODUCTS_DIR; };
		1D51484419F6E43D00E3DEE0 /* Info.plist */ = {isa = PBXFileReference; lastKnownFileType = text.plist.xml; path = Info.plist; sourceTree = "<group>"; };
		1D51484519F6E43D00E3DEE0 /* Fun_Bags_2Tests.m */ = {isa = PBXFileReference; lastKnownFileType = sourcecode.c.objc; path = Fun_Bags_2Tests.m; sourceTree = "<group>"; };
		1DD2A10F19F81A2400EE4878 /* secondViewController.h */ = {isa = PBXFileReference; fileEncoding = 4; lastKnownFileType = sourcecode.c.h; path = secondViewController.h; sourceTree = "<group>"; };
		1DD2A11019F81A2400EE4878 /* secondViewController.m */ = {isa = PBXFileReference; fileEncoding = 4; lastKnownFileType = sourcecode.c.objc; path = secondViewController.m; sourceTree = "<group>"; };
		1DD2A11219F81A9200EE4878 /* WebViewController.h */ = {isa = PBXFileReference; fileEncoding = 4; lastKnownFileType = sourcecode.c.h; path = WebViewController.h; sourceTree = "<group>"; };
		1DD2A11319F81A9200EE4878 /* WebViewController.m */ = {isa = PBXFileReference; fileEncoding = 4; lastKnownFileType = sourcecode.c.objc; path = WebViewController.m; sourceTree = "<group>"; };
		1DD2A12A1A07B41000EE4878 /* DrawViewController.h */ = {isa = PBXFileReference; fileEncoding = 4; lastKnownFileType = sourcecode.c.h; path = DrawViewController.h; sourceTree = "<group>"; };
		1DD2A12B1A07B41000EE4878 /* DrawViewController.m */ = {isa = PBXFileReference; fileEncoding = 4; lastKnownFileType = sourcecode.c.objc; path = DrawViewController.m; sourceTree = "<group>"; };
		1DD2A12D1A07B64500EE4878 /* ACEDrawingTools.h */ = {isa = PBXFileReference; fileEncoding = 4; lastKnownFileType = sourcecode.c.h; path = ACEDrawingTools.h; sourceTree = "<group>"; };
		1DD2A12E1A07B64500EE4878 /* ACEDrawingTools.m */ = {isa = PBXFileReference; fileEncoding = 4; lastKnownFileType = sourcecode.c.objc; path = ACEDrawingTools.m; sourceTree = "<group>"; };
		1DD2A12F1A07B64500EE4878 /* ACEDrawingView.h */ = {isa = PBXFileReference; fileEncoding = 4; lastKnownFileType = sourcecode.c.h; path = ACEDrawingView.h; sourceTree = "<group>"; };
		1DD2A1301A07B64500EE4878 /* ACEDrawingView.m */ = {isa = PBXFileReference; fileEncoding = 4; lastKnownFileType = sourcecode.c.objc; path = ACEDrawingView.m; sourceTree = "<group>"; };
/* End PBXFileReference section */

/* Begin PBXFrameworksBuildPhase section */
		1D51482319F6E43D00E3DEE0 /* Frameworks */ = {
			isa = PBXFrameworksBuildPhase;
			buildActionMask = 2147483647;
			files = (
			);
			runOnlyForDeploymentPostprocessing = 0;
		};
		1D51483C19F6E43D00E3DEE0 /* Frameworks */ = {
			isa = PBXFrameworksBuildPhase;
			buildActionMask = 2147483647;
			files = (
			);
			runOnlyForDeploymentPostprocessing = 0;
		};
/* End PBXFrameworksBuildPhase section */

/* Begin PBXGroup section */
		1D51481D19F6E43D00E3DEE0 = {
			isa = PBXGroup;
			children = (
				1D51482819F6E43D00E3DEE0 /* Fun Bags 2 */,
				1D51484219F6E43D00E3DEE0 /* Fun Bags 2Tests */,
				1D51482719F6E43D00E3DEE0 /* Products */,
			);
			sourceTree = "<group>";
		};
		1D51482719F6E43D00E3DEE0 /* Products */ = {
			isa = PBXGroup;
			children = (
				1D51482619F6E43D00E3DEE0 /* Fun Bags 2.app */,
				1D51483F19F6E43D00E3DEE0 /* Fun Bags 2Tests.xctest */,
			);
			name = Products;
			sourceTree = "<group>";
		};
		1D51482819F6E43D00E3DEE0 /* Fun Bags 2 */ = {
			isa = PBXGroup;
			children = (
				1DD2A12D1A07B64500EE4878 /* ACEDrawingTools.h */,
				1DD2A12E1A07B64500EE4878 /* ACEDrawingTools.m */,
				1DD2A12F1A07B64500EE4878 /* ACEDrawingView.h */,
				1DD2A1301A07B64500EE4878 /* ACEDrawingView.m */,
				1D51482D19F6E43D00E3DEE0 /* AppDelegate.h */,
				1D51482E19F6E43D00E3DEE0 /* AppDelegate.m */,
				1D51483019F6E43D00E3DEE0 /* ViewController.h */,
				1D51483119F6E43D00E3DEE0 /* ViewController.m */,
				1D51483319F6E43D00E3DEE0 /* Main.storyboard */,
				1D51483619F6E43D00E3DEE0 /* Images.xcassets */,
				1D51483819F6E43D00E3DEE0 /* LaunchScreen.xib */,
				1D51482919F6E43D00E3DEE0 /* Supporting Files */,
				1DD2A10F19F81A2400EE4878 /* secondViewController.h */,
				1DD2A11019F81A2400EE4878 /* secondViewController.m */,
				1DD2A11219F81A9200EE4878 /* WebViewController.h */,
				1DD2A11319F81A9200EE4878 /* WebViewController.m */,
				1DD2A12A1A07B41000EE4878 /* DrawViewController.h */,
				1DD2A12B1A07B41000EE4878 /* DrawViewController.m */,
			);
			path = "Fun Bags 2";
			sourceTree = "<group>";
		};
		1D51482919F6E43D00E3DEE0 /* Supporting Files */ = {
			isa = PBXGroup;
			children = (
				1D51482A19F6E43D00E3DEE0 /* Info.plist */,
				1D51482B19F6E43D00E3DEE0 /* main.m */,
			);
			name = "Supporting Files";
			sourceTree = "<group>";
		};
		1D51484219F6E43D00E3DEE0 /* Fun Bags 2Tests */ = {
			isa = PBXGroup;
			children = (
				1D51484519F6E43D00E3DEE0 /* Fun_Bags_2Tests.m */,
				1D51484319F6E43D00E3DEE0 /* Supporting Files */,
			);
			path = "Fun Bags 2Tests";
			sourceTree = "<group>";
		};
		1D51484319F6E43D00E3DEE0 /* Supporting Files */ = {
			isa = PBXGroup;
			children = (
				1D51484419F6E43D00E3DEE0 /* Info.plist */,
			);
			name = "Supporting Files";
			sourceTree = "<group>";
		};
/* End PBXGroup section */

/* Begin PBXNativeTarget section */
		1D51482519F6E43D00E3DEE0 /* Fun Bags 2 */ = {
			isa = PBXNativeTarget;
			buildConfigurationList = 1D51484919F6E43D00E3DEE0 /* Build configuration list for PBXNativeTarget "Fun Bags 2" */;
			buildPhases = (
				1D51482219F6E43D00E3DEE0 /* Sources */,
				1D51482319F6E43D00E3DEE0 /* Frameworks */,
				1D51482419F6E43D00E3DEE0 /* Resources */,
			);
			buildRules = (
			);
			dependencies = (
			);
			name = "Fun Bags 2";
			productName = "Fun Bags 2";
			productReference = 1D51482619F6E43D00E3DEE0 /* Fun Bags 2.app */;
			productType = "com.apple.product-type.application";
		};
		1D51483E19F6E43D00E3DEE0 /* Fun Bags 2Tests */ = {
			isa = PBXNativeTarget;
			buildConfigurationList = 1D51484C19F6E43D00E3DEE0 /* Build configuration list for PBXNativeTarget "Fun Bags 2Tests" */;
			buildPhases = (
				1D51483B19F6E43D00E3DEE0 /* Sources */,
				1D51483C19F6E43D00E3DEE0 /* Frameworks */,
				1D51483D19F6E43D00E3DEE0 /* Resources */,
			);
			buildRules = (
			);
			dependencies = (
				1D51484119F6E43D00E3DEE0 /* PBXTargetDependency */,
			);
			name = "Fun Bags 2Tests";
			productName = "Fun Bags 2Tests";
			productReference = 1D51483F19F6E43D00E3DEE0 /* Fun Bags 2Tests.xctest */;
			productType = "com.apple.product-type.bundle.unit-test";
		};
/* End PBXNativeTarget section */

/* Begin PBXProject section */
		1D51481E19F6E43D00E3DEE0 /* Project object */ = {
			isa = PBXProject;
			attributes = {
				LastUpgradeCheck = 0610;
				ORGANIZATIONNAME = "Fun Bags";
				TargetAttributes = {
					1D51482519F6E43D00E3DEE0 = {
						CreatedOnToolsVersion = 6.1;
					};
					1D51483E19F6E43D00E3DEE0 = {
						CreatedOnToolsVersion = 6.1;
						TestTargetID = 1D51482519F6E43D00E3DEE0;
					};
				};
			};
			buildConfigurationList = 1D51482119F6E43D00E3DEE0 /* Build configuration list for PBXProject "Fun Bags 2" */;
			compatibilityVersion = "Xcode 3.2";
			developmentRegion = English;
			hasScannedForEncodings = 0;
			knownRegions = (
				en,
				Base,
			);
			mainGroup = 1D51481D19F6E43D00E3DEE0;
			productRefGroup = 1D51482719F6E43D00E3DEE0 /* Products */;
			projectDirPath = "";
			projectRoot = "";
			targets = (
				1D51482519F6E43D00E3DEE0 /* Fun Bags 2 */,
				1D51483E19F6E43D00E3DEE0 /* Fun Bags 2Tests */,
			);
		};
/* End PBXProject section */

/* Begin PBXResourcesBuildPhase section */
		1D51482419F6E43D00E3DEE0 /* Resources */ = {
			isa = PBXResourcesBuildPhase;
			buildActionMask = 2147483647;
			files = (
				1D51483519F6E43D00E3DEE0 /* Main.storyboard in Resources */,
				1D51483A19F6E43D00E3DEE0 /* LaunchScreen.xib in Resources */,
				1D51483719F6E43D00E3DEE0 /* Images.xcassets in Resources */,
			);
			runOnlyForDeploymentPostprocessing = 0;
		};
		1D51483D19F6E43D00E3DEE0 /* Resources */ = {
			isa = PBXResourcesBuildPhase;
			buildActionMask = 2147483647;
			files = (
			);
			runOnlyForDeploymentPostprocessing = 0;
		};
/* End PBXResourcesBuildPhase section */

/* Begin PBXSourcesBuildPhase section */
		1D51482219F6E43D00E3DEE0 /* Sources */ = {
			isa = PBXSourcesBuildPhase;
			buildActionMask = 2147483647;
			files = (
				1DD2A12C1A07B41000EE4878 /* DrawViewController.m in Sources */,
				1DD2A11119F81A2400EE4878 /* secondViewController.m in Sources */,
				1DD2A11419F81A9200EE4878 /* WebViewController.m in Sources */,
				1DD2A1321A07B64500EE4878 /* ACEDrawingView.m in Sources */,
				1D51483219F6E43D00E3DEE0 /* ViewController.m in Sources */,
				1D51482F19F6E43D00E3DEE0 /* AppDelegate.m in Sources */,
				1DD2A1311A07B64500EE4878 /* ACEDrawingTools.m in Sources */,
				1D51482C19F6E43D00E3DEE0 /* main.m in Sources */,
			);
			runOnlyForDeploymentPostprocessing = 0;
		};
		1D51483B19F6E43D00E3DEE0 /* Sources */ = {
			isa = PBXSourcesBuildPhase;
			buildActionMask = 2147483647;
			files = (
				1D51484619F6E43D00E3DEE0 /* Fun_Bags_2Tests.m in Sources */,
			);
			runOnlyForDeploymentPostprocessing = 0;
		};
/* End PBXSourcesBuildPhase section */

/* Begin PBXTargetDependency section */
		1D51484119F6E43D00E3DEE0 /* PBXTargetDependency */ = {
			isa = PBXTargetDependency;
			target = 1D51482519F6E43D00E3DEE0 /* Fun Bags 2 */;
			targetProxy = 1D51484019F6E43D00E3DEE0 /* PBXContainerItemProxy */;
		};
/* End PBXTargetDependency section */

/* Begin PBXVariantGroup section */
		1D51483319F6E43D00E3DEE0 /* Main.storyboard */ = {
			isa = PBXVariantGroup;
			children = (
				1D51483419F6E43D00E3DEE0 /* Base */,
			);
			name = Main.storyboard;
			sourceTree = "<group>";
		};
		1D51483819F6E43D00E3DEE0 /* LaunchScreen.xib */ = {
			isa = PBXVariantGroup;
			children = (
				1D51483919F6E43D00E3DEE0 /* Base */,
			);
			name = LaunchScreen.xib;
			sourceTree = "<group>";
		};
/* End PBXVariantGroup section */

/* Begin XCBuildConfiguration section */
		1D51484719F6E43D00E3DEE0 /* Debug */ = {
			isa = XCBuildConfiguration;
			buildSettings = {
				ALWAYS_SEARCH_USER_PATHS = NO;
				CLANG_CXX_LANGUAGE_STANDARD = "gnu++0x";
				CLANG_CXX_LIBRARY = "libc++";
				CLANG_ENABLE_MODULES = YES;
				CLANG_ENABLE_OBJC_ARC = YES;
				CLANG_WARN_BOOL_CONVERSION = YES;
				CLANG_WARN_CONSTANT_CONVERSION = YES;
				CLANG_WARN_DIRECT_OBJC_ISA_USAGE = YES_ERROR;
				CLANG_WARN_EMPTY_BODY = YES;
				CLANG_WARN_ENUM_CONVERSION = YES;
				CLANG_WARN_INT_CONVERSION = YES;
				CLANG_WARN_OBJC_ROOT_CLASS = YES_ERROR;
				CLANG_WARN_UNREACHABLE_CODE = YES;
				CLANG_WARN__DUPLICATE_METHOD_MATCH = YES;
				"CODE_SIGN_IDENTITY[sdk=iphoneos*]" = "iPhone Developer";
				COPY_PHASE_STRIP = NO;
				ENABLE_STRICT_OBJC_MSGSEND = YES;
				GCC_C_LANGUAGE_STANDARD = gnu99;
				GCC_DYNAMIC_NO_PIC = NO;
				GCC_OPTIMIZATION_LEVEL = 0;
				GCC_PREPROCESSOR_DEFINITIONS = (
					"DEBUG=1",
					"$(inherited)",
				);
				GCC_SYMBOLS_PRIVATE_EXTERN = NO;
				GCC_WARN_64_TO_32_BIT_CONVERSION = YES;
				GCC_WARN_ABOUT_RETURN_TYPE = YES_ERROR;
				GCC_WARN_UNDECLARED_SELECTOR = YES;
				GCC_WARN_UNINITIALIZED_AUTOS = YES_AGGRESSIVE;
				GCC_WARN_UNUSED_FUNCTION = YES;
				GCC_WARN_UNUSED_VARIABLE = YES;
				IPHONEOS_DEPLOYMENT_TARGET = 8.1;
				MTL_ENABLE_DEBUG_INFO = YES;
				ONLY_ACTIVE_ARCH = YES;
				SDKROOT = iphoneos;
				TARGETED_DEVICE_FAMILY = "1,2";
			};
			name = Debug;
		};
		1D51484819F6E43D00E3DEE0 /* Release */ = {
			isa = XCBuildConfiguration;
			buildSettings = {
				ALWAYS_SEARCH_USER_PATHS = NO;
				CLANG_CXX_LANGUAGE_STANDARD = "gnu++0x";
				CLANG_CXX_LIBRARY = "libc++";
				CLANG_ENABLE_MODULES = YES;
				CLANG_ENABLE_OBJC_ARC = YES;
				CLANG_WARN_BOOL_CONVERSION = YES;
				CLANG_WARN_CONSTANT_CONVERSION = YES;
				CLANG_WARN_DIRECT_OBJC_ISA_USAGE = YES_ERROR;
				CLANG_WARN_EMPTY_BODY = YES;
				CLANG_WARN_ENUM_CONVERSION = YES;
				CLANG_WARN_INT_CONVERSION = YES;
				CLANG_WARN_OBJC_ROOT_CLASS = YES_ERROR;
				CLANG_WARN_UNREACHABLE_CODE = YES;
				CLANG_WARN__DUPLICATE_METHOD_MATCH = YES;
				"CODE_SIGN_IDENTITY[sdk=iphoneos*]" = "iPhone Developer";
				COPY_PHASE_STRIP = YES;
				ENABLE_NS_ASSERTIONS = NO;
				ENABLE_STRICT_OBJC_MSGSEND = YES;
				GCC_C_LANGUAGE_STANDARD = gnu99;
				GCC_WARN_64_TO_32_BIT_CONVERSION = YES;
				GCC_WARN_ABOUT_RETURN_TYPE = YES_ERROR;
				GCC_WARN_UNDECLARED_SELECTOR = YES;
				GCC_WARN_UNINITIALIZED_AUTOS = YES_AGGRESSIVE;
				GCC_WARN_UNUSED_FUNCTION = YES;
				GCC_WARN_UNUSED_VARIABLE = YES;
				IPHONEOS_DEPLOYMENT_TARGET = 8.1;
				MTL_ENABLE_DEBUG_INFO = NO;
				SDKROOT = iphoneos;
				TARGETED_DEVICE_FAMILY = "1,2";
				VALIDATE_PRODUCT = YES;
			};
			name = Release;
		};
		1D51484A19F6E43D00E3DEE0 /* Debug */ = {
			isa = XCBuildConfiguration;
			buildSettings = {
				ASSETCATALOG_COMPILER_APPICON_NAME = AppIcon;
				ASSETCATALOG_COMPILER_LAUNCHIMAGE_NAME = "LaunchImage-2";
				INFOPLIST_FILE = "Fun Bags 2/Info.plist";
				LD_RUNPATH_SEARCH_PATHS = "$(inherited) @executable_path/Frameworks";
				PRODUCT_NAME = "$(TARGET_NAME)";
			};
			name = Debug;
		};
		1D51484B19F6E43D00E3DEE0 /* Release */ = {
			isa = XCBuildConfiguration;
			buildSettings = {
				ASSETCATALOG_COMPILER_APPICON_NAME = AppIcon;
				ASSETCATALOG_COMPILER_LAUNCHIMAGE_NAME = "LaunchImage-2";
				INFOPLIST_FILE = "Fun Bags 2/Info.plist";
				LD_RUNPATH_SEARCH_PATHS = "$(inherited) @executable_path/Frameworks";
				PRODUCT_NAME = "$(TARGET_NAME)";
			};
			name = Release;
		};
		1D51484D19F6E43D00E3DEE0 /* Debug */ = {
			isa = XCBuildConfiguration;
			buildSettings = {
				BUNDLE_LOADER = "$(TEST_HOST)";
				FRAMEWORK_SEARCH_PATHS = (
					"$(SDKROOT)/Developer/Library/Frameworks",
					"$(inherited)",
				);
				GCC_PREPROCESSOR_DEFINITIONS = (
					"DEBUG=1",
					"$(inherited)",
				);
				INFOPLIST_FILE = "Fun Bags 2Tests/Info.plist";
				LD_RUNPATH_SEARCH_PATHS = "$(inherited) @executable_path/Frameworks @loader_path/Frameworks";
				PRODUCT_NAME = "$(TARGET_NAME)";
				TEST_HOST = "$(BUILT_PRODUCTS_DIR)/Fun Bags 2.app/Fun Bags 2";
			};
			name = Debug;
		};
		1D51484E19F6E43D00E3DEE0 /* Release */ = {
			isa = XCBuildConfiguration;
			buildSettings = {
				BUNDLE_LOADER = "$(TEST_HOST)";
				FRAMEWORK_SEARCH_PATHS = (
					"$(SDKROOT)/Developer/Library/Frameworks",
					"$(inherited)",
				);
				INFOPLIST_FILE = "Fun Bags 2Tests/Info.plist";
				LD_RUNPATH_SEARCH_PATHS = "$(inherited) @executable_path/Frameworks @loader_path/Frameworks";
				PRODUCT_NAME = "$(TARGET_NAME)";
				TEST_HOST = "$(BUILT_PRODUCTS_DIR)/Fun Bags 2.app/Fun Bags 2";
			};
			name = Release;
		};
/* End XCBuildConfiguration section */

/* Begin XCConfigurationList section */
		1D51482119F6E43D00E3DEE0 /* Build configuration list for PBXProject "Fun Bags 2" */ = {
			isa = XCConfigurationList;
			buildConfigurations = (
				1D51484719F6E43D00E3DEE0 /* Debug */,
				1D51484819F6E43D00E3DEE0 /* Release */,
			);
			defaultConfigurationIsVisible = 0;
			defaultConfigurationName = Release;
		};
		1D51484919F6E43D00E3DEE0 /* Build configuration list for PBXNativeTarget "Fun Bags 2" */ = {
			isa = XCConfigurationList;
			buildConfigurations = (
				1D51484A19F6E43D00E3DEE0 /* Debug */,
				1D51484B19F6E43D00E3DEE0 /* Release */,
			);
			defaultConfigurationIsVisible = 0;
			defaultConfigurationName = Release;
		};
		1D51484C19F6E43D00E3DEE0 /* Build configuration list for PBXNativeTarget "Fun Bags 2Tests" */ = {
			isa = XCConfigurationList;
			buildConfigurations = (
				1D51484D19F6E43D00E3DEE0 /* Debug */,
				1D51484E19F6E43D00E3DEE0 /* Release */,
			);
			defaultConfigurationIsVisible = 0;
			defaultConfigurationName = Release;
		};
/* End XCConfigurationList section */
	};
	rootObject = 1D51481E19F6E43D00E3DEE0 /* Project object */;
}
